Microsoft Visual Studio Solution File, Format Version 12.00
# Visual Studio Version 17
Project("{FAE04EC0-301F-11D3-BF4B-00C04F79EFBC}") = "CTeam.Spike", "src\CTeam.Spike\CTeam.Spike.csproj", "{1A0FCA8E-C72C-4CF5-B783-1A3B4DDD7B0A}"
EndProject
Project("{FAE04EC0-301F-11D3-BF4B-00C04F79EFBC}") = "CTeam.Spike.Tests", "tests\CTeam.Spike.Tests\CTeam.Spike.Tests.csproj", "{A79BD940-7D2B-4A5A-9C8C-B98D20EED376}"
EndProject
Global
	GlobalSection(SolutionConfigurationPlatforms) = preSolution
		Debug|Any CPU = Debug|Any CPU
		Release|Any CPU = Release|Any CPU
	EndGlobalSection
	GlobalSection(ProjectConfigurationPlatforms) = postSolution
		{1A0FCA8E-C72C-4CF5-B783-1A3B4DDD7B0A}.Debug|Any CPU.ActiveCfg = Debug|Any CPU
		{1A0FCA8E-C72C-4CF5-B783-1A3B4DDD7B0A}.Debug|Any CPU.Build.0 = Debug|Any CPU
		{1A0FCA8E-C72C-4CF5-B783-1A3B4DDD7B0A}.Release|Any CPU.ActiveCfg = Release|Any CPU
		{1A0FCA8E-C72C-4CF5-B783-1A3B4DDD7B0A}.Release|Any CPU.Build.0 = Release|Any CPU
		{A79BD940-7D2B-4A5A-9C8C-B98D20EED376}.Debug|Any CPU.ActiveCfg = Debug|Any CPU
		{A79BD940-7D2B-4A5A-9C8C-B98D20EED376}.Debug|Any CPU.Build.0 = Debug|Any CPU
		{A79BD940-7D2B-4A5A-9C8C-B98D20EED376}.Release|Any CPU.ActiveCfg = Release|Any CPU
		{A79BD940-7D2B-4A5A-9C8C-B98D20EED376}.Release|Any CPU.Build.0 = Release|Any CPU
	EndGlobalSection
EndGlobal
